<?xml version="1.0" encoding="utf-8"?>
<Project ToolsVersion="4.0" xmlns="http://schemas.microsoft.com/developer/msbuild/2003">
  <ItemGroup>
    <ClCompile Include="main.cpp" />
    <ClCompile Include="delaunay.cpp" />
    <ClCompile Include="triangle.cpp" />
    <ClCompile Include="stdafx.cpp" />
  </ItemGroup>
  <ItemGroup>
    <ClInclude Include="delaunay.h" />
    <ClInclude Include="edge.h" />
    <ClInclude Include="triangle.h" />
    <ClInclude Include="vector2.h" />
    <ClInclude Include="stdafx.h" />
  </ItemGroup>
</Project>